
Microsoft Visual Studio Solution File, Format Version 12.00
# Visual Studio 15
VisualStudioVersion = 15.0.27004.2010
MinimumVisualStudioVersion = 10.0.40219.1
Project("{FAE04EC0-301F-11D3-BF4B-00C04F79EFBC}") = "ServiceLayer", "ServiceLayer\ServiceLayer.csproj", "{BF6FF5DB-976C-4448-B917-1A711B3634B2}"
EndProject
Project("{FAE04EC0-301F-11D3-BF4B-00C04F79EFBC}") = "DataAccessLayer", "DataAccessLayer\DataAccessLayer.csproj", "{3215503E-04EF-459D-A862-E1F4A5EA65E8}"
EndProject
Global
	GlobalSection(SolutionConfigurationPlatforms) = preSolution
		Debug|Any CPU = Debug|Any CPU
		Release|Any CPU = Release|Any CPU
	EndGlobalSection
	GlobalSection(ProjectConfigurationPlatforms) = postSolution
		{BF6FF5DB-976C-4448-B917-1A711B3634B2}.Debug|Any CPU.ActiveCfg = Debug|Any CPU
		{BF6FF5DB-976C-4448-B917-1A711B3634B2}.Debug|Any CPU.Build.0 = Debug|Any CPU
		{BF6FF5DB-976C-4448-B917-1A711B3634B2}.Release|Any CPU.ActiveCfg = Release|Any CPU
		{BF6FF5DB-976C-4448-B917-1A711B3634B2}.Release|Any CPU.Build.0 = Release|Any CPU
		{3215503E-04EF-459D-A862-E1F4A5EA65E8}.Debug|Any CPU.ActiveCfg = Debug|Any CPU
		{3215503E-04EF-459D-A862-E1F4A5EA65E8}.Debug|Any CPU.Build.0 = Debug|Any CPU
		{3215503E-04EF-459D-A862-E1F4A5EA65E8}.Release|Any CPU.ActiveCfg = Release|Any CPU
		{3215503E-04EF-459D-A862-E1F4A5EA65E8}.Release|Any CPU.Build.0 = Release|Any CPU
	EndGlobalSection
	GlobalSection(SolutionProperties) = preSolution
		HideSolutionNode = FALSE
	EndGlobalSection
	GlobalSection(ExtensibilityGlobals) = postSolution
		SolutionGuid = {DA51CFCD-A54C-4B73-9BD4-303DD074C2B4}
	EndGlobalSection
EndGlobal
